
Microsoft Visual Studio Solution File, Format Version 12.00
# Visual Studio Version 17
VisualStudioVersion = 17.8.34309.116
MinimumVisualStudioVersion = 10.0.40219.1
Project("{FAE04EC0-301F-11D3-BF4B-00C04F79EFBC}") = "RSA", "RSA.csproj", "{2E86F72E-9A8E-49B5-AED0-7986633A3D8E}"
EndProject
Global
	GlobalSection(SolutionConfigurationPlatforms) = preSolution
		Debug|Any CPU = Debug|Any CPU
		Release|Any CPU = Release|Any CPU
	EndGlobalSection
	GlobalSection(ProjectConfigurationPlatforms) = postSolution
		{2E86F72E-9A8E-49B5-AED0-7986633A3D8E}.Debug|Any CPU.ActiveCfg = Debug|Any CPU
		{2E86F72E-9A8E-49B5-AED0-7986633A3D8E}.Debug|Any CPU.Build.0 = Debug|Any CPU
		{2E86F72E-9A8E-49B5-AED0-7986633A3D8E}.Release|Any CPU.ActiveCfg = Release|Any CPU
		{2E86F72E-9A8E-49B5-AED0-7986633A3D8E}.Release|Any CPU.Build.0 = Release|Any CPU
	EndGlobalSection
	GlobalSection(SolutionProperties) = preSolution
		HideSolutionNode = FALSE
	EndGlobalSection
	GlobalSection(ExtensibilityGlobals) = postSolution
		SolutionGuid = {A813DF22-7472-41AA-AD79-B21C97ADDE7E}
	EndGlobalSection
EndGlobal
